
Microsoft Visual Studio Solution File, Format Version 12.00
# Visual Studio Version 16
VisualStudioVersion = 16.0.30907.101
MinimumVisualStudioVersion = 10.0.40219.1
Project("{9A19103F-16F7-4668-BE54-9A1E7A4F7556}") = "Remote", "Remote\Remote.csproj", "{50AB49F6-4CC6-48C3-9A41-5E4B618D0331}"
EndProject
Project("{9A19103F-16F7-4668-BE54-9A1E7A4F7556}") = "Gateway", "Gateway\Gateway.csproj", "{9B69852D-2FAE-48A2-B9CF-CC6F0031273C}"
EndProject
Global
	GlobalSection(SolutionConfigurationPlatforms) = preSolution
		Debug|Any CPU = Debug|Any CPU
		Release|Any CPU = Release|Any CPU
	EndGlobalSection
	GlobalSection(ProjectConfigurationPlatforms) = postSolution
		{50AB49F6-4CC6-48C3-9A41-5E4B618D0331}.Debug|Any CPU.ActiveCfg = Debug|Any CPU
		{50AB49F6-4CC6-48C3-9A41-5E4B618D0331}.Debug|Any CPU.Build.0 = Debug|Any CPU
		{50AB49F6-4CC6-48C3-9A41-5E4B618D0331}.Release|Any CPU.ActiveCfg = Release|Any CPU
		{50AB49F6-4CC6-48C3-9A41-5E4B618D0331}.Release|Any CPU.Build.0 = Release|Any CPU
		{9B69852D-2FAE-48A2-B9CF-CC6F0031273C}.Debug|Any CPU.ActiveCfg = Debug|Any CPU
		{9B69852D-2FAE-48A2-B9CF-CC6F0031273C}.Debug|Any CPU.Build.0 = Debug|Any CPU
		{9B69852D-2FAE-48A2-B9CF-CC6F0031273C}.Release|Any CPU.ActiveCfg = Release|Any CPU
		{9B69852D-2FAE-48A2-B9CF-CC6F0031273C}.Release|Any CPU.Build.0 = Release|Any CPU
	EndGlobalSection
	GlobalSection(SolutionProperties) = preSolution
		HideSolutionNode = FALSE
	EndGlobalSection
	GlobalSection(ExtensibilityGlobals) = postSolution
		SolutionGuid = {A0624A31-04A1-4C36-BBE4-0C8AA22F6852}
	EndGlobalSection
EndGlobal
